
Microsoft Visual Studio Solution File, Format Version 12.00
# Visual Studio Version 17
VisualStudioVersion = 17.7.34031.279
MinimumVisualStudioVersion = 10.0.40219.1
Project("{FAE04EC0-301F-11D3-BF4B-00C04F79EFBC}") = "FruitApp", "FruitApp\FruitApp.csproj", "{EBE4409C-4E12-4D32-807E-FEA093509708}"
EndProject
Global
	GlobalSection(SolutionConfigurationPlatforms) = preSolution
		Debug|Any CPU = Debug|Any CPU
		Release|Any CPU = Release|Any CPU
	EndGlobalSection
	GlobalSection(ProjectConfigurationPlatforms) = postSolution
		{EBE4409C-4E12-4D32-807E-FEA093509708}.Debug|Any CPU.ActiveCfg = Debug|Any CPU
		{EBE4409C-4E12-4D32-807E-FEA093509708}.Debug|Any CPU.Build.0 = Debug|Any CPU
		{EBE4409C-4E12-4D32-807E-FEA093509708}.Debug|Any CPU.Deploy.0 = Debug|Any CPU
		{EBE4409C-4E12-4D32-807E-FEA093509708}.Release|Any CPU.ActiveCfg = Release|Any CPU
		{EBE4409C-4E12-4D32-807E-FEA093509708}.Release|Any CPU.Build.0 = Release|Any CPU
		{EBE4409C-4E12-4D32-807E-FEA093509708}.Release|Any CPU.Deploy.0 = Release|Any CPU
	EndGlobalSection
	GlobalSection(SolutionProperties) = preSolution
		HideSolutionNode = FALSE
	EndGlobalSection
	GlobalSection(ExtensibilityGlobals) = postSolution
		SolutionGuid = {98F1B6BF-FA7A-4438-BB45-4A72394F58DA}
	EndGlobalSection
EndGlobal
